
Microsoft Visual Studio Solution File, Format Version 11.00
# Visual Studio 2010
Project("{FAE04EC0-301F-11D3-BF4B-00C04F79EFBC}") = "UnityEngine.TestRunner", "UnityEngine.TestRunner.csproj", "{aa1d6845-6b35-75a9-de7e-bcb9c3c81f3c}"
EndProject
Project("{FAE04EC0-301F-11D3-BF4B-00C04F79EFBC}") = "Unity.Mathematics", "Unity.Mathematics.csproj", "{f68617f0-7927-f41e-1cf0-714ac718122f}"
EndProject
Project("{FAE04EC0-301F-11D3-BF4B-00C04F79EFBC}") = "Unity.VisualScripting.Flow", "Unity.VisualScripting.Flow.csproj", "{431e2279-184b-e716-dd0d-24d89197905e}"
EndProject
Project("{FAE04EC0-301F-11D3-BF4B-00C04F79EFBC}") = "Unity.VisualScripting.State", "Unity.VisualScripting.State.csproj", "{c11a16e2-fc07-0c80-3a0d-f87186f7b657}"
EndProject
Project("{FAE04EC0-301F-11D3-BF4B-00C04F79EFBC}") = "Unity.VisualScripting.Core", "Unity.VisualScripting.Core.csproj", "{44ffb8ff-1252-822e-bcbc-465a853d06f1}"
EndProject
Project("{FAE04EC0-301F-11D3-BF4B-00C04F79EFBC}") = "Unity.Burst", "Unity.Burst.csproj", "{dfa4192c-7d63-850b-1cd3-1f9e98dac09e}"
EndProject
Project("{FAE04EC0-301F-11D3-BF4B-00C04F79EFBC}") = "Unity.2D.Animation.Runtime", "Unity.2D.Animation.Runtime.csproj", "{4e33d409-17c0-9e1c-8243-42835c0635db}"
EndProject
Project("{FAE04EC0-301F-11D3-BF4B-00C04F79EFBC}") = "Unity.TextMeshPro", "Unity.TextMeshPro.csproj", "{00b615c0-3ae8-d5bb-3da9-d5f5f906bc0b}"
EndProject
Project("{FAE04EC0-301F-11D3-BF4B-00C04F79EFBC}") = "Unity.Timeline", "Unity.Timeline.csproj", "{96290ca7-3c30-191d-54dc-6fb5c36dff09}"
EndProject
Project("{FAE04EC0-301F-11D3-BF4B-00C04F79EFBC}") = "Unity.2D.SpriteShape.Runtime", "Unity.2D.SpriteShape.Runtime.csproj", "{042b8d46-c25f-d2f8-c9ef-220c8c8d1afd}"
EndProject
Project("{FAE04EC0-301F-11D3-BF4B-00C04F79EFBC}") = "Unity.2D.PixelPerfect", "Unity.2D.PixelPerfect.csproj", "{93f5d423-3878-3459-e3f5-8740e859c891}"
EndProject
Project("{FAE04EC0-301F-11D3-BF4B-00C04F79EFBC}") = "Unity.2D.Common.Runtime", "Unity.2D.Common.Runtime.csproj", "{6bdf00ba-c1f4-8b2a-5030-b231f05fc46f}"
EndProject
Project("{FAE04EC0-301F-11D3-BF4B-00C04F79EFBC}") = "Unity.2D.IK.Runtime", "Unity.2D.IK.Runtime.csproj", "{4f86b990-64e8-6302-1e18-be2a7d0b6b28}"
EndProject
Project("{FAE04EC0-301F-11D3-BF4B-00C04F79EFBC}") = "Unity.2D.Tilemap.Extras", "Unity.2D.Tilemap.Extras.csproj", "{252f9a8a-8dc0-8006-fcbc-1b5f6aeff198}"
EndProject
Project("{FAE04EC0-301F-11D3-BF4B-00C04F79EFBC}") = "Unity.InternalAPIEngineBridge.001", "Unity.InternalAPIEngineBridge.001.csproj", "{3505a3fa-4613-dd9d-92f5-778cda89393d}"
EndProject
Project("{FAE04EC0-301F-11D3-BF4B-00C04F79EFBC}") = "Unity.PlasticSCM.Editor", "Unity.PlasticSCM.Editor.csproj", "{eeab5830-71d6-e2f6-b2a7-4b927c8771ac}"
EndProject
Project("{FAE04EC0-301F-11D3-BF4B-00C04F79EFBC}") = "Unity.VisualScripting.Core.Editor", "Unity.VisualScripting.Core.Editor.csproj", "{7f5f1c3a-8da8-f18c-3754-77119e0c4f55}"
EndProject
Project("{FAE04EC0-301F-11D3-BF4B-00C04F79EFBC}") = "Unity.VisualScripting.Flow.Editor", "Unity.VisualScripting.Flow.Editor.csproj", "{44f990e1-bdca-07b0-c9f2-8437149aefba}"
EndProject
Project("{FAE04EC0-301F-11D3-BF4B-00C04F79EFBC}") = "Unity.Timeline.Editor", "Unity.Timeline.Editor.csproj", "{0446ba29-2a0a-d1ba-91bf-45b87122f12f}"
EndProject
Project("{FAE04EC0-301F-11D3-BF4B-00C04F79EFBC}") = "Unity.VisualStudio.Editor", "Unity.VisualStudio.Editor.csproj", "{d7c1d382-7e94-c738-0484-87f1d48d0195}"
EndProject
Project("{FAE04EC0-301F-11D3-BF4B-00C04F79EFBC}") = "Unity.VisualScripting.State.Editor", "Unity.VisualScripting.State.Editor.csproj", "{98632136-46d4-4a87-1107-0a2a9e7f5475}"
EndProject
Project("{FAE04EC0-301F-11D3-BF4B-00C04F79EFBC}") = "Unity.TextMeshPro.Editor", "Unity.TextMeshPro.Editor.csproj", "{51ef3034-58a6-3110-ea82-81da1538284f}"
EndProject
Project("{FAE04EC0-301F-11D3-BF4B-00C04F79EFBC}") = "Unity.2D.PixelPerfect.Editor", "Unity.2D.PixelPerfect.Editor.csproj", "{c42d9c4b-6e5d-5384-109e-fe85e6be3c0d}"
EndProject
Project("{FAE04EC0-301F-11D3-BF4B-00C04F79EFBC}") = "Unity.2D.Animation.Editor", "Unity.2D.Animation.Editor.csproj", "{0b856929-2e75-4a25-39e9-8bd57ef99f09}"
EndProject
Project("{FAE04EC0-301F-11D3-BF4B-00C04F79EFBC}") = "Unity.VisualScripting.SettingsProvider.Editor", "Unity.VisualScripting.SettingsProvider.Editor.csproj", "{abb9b77f-8e2b-6446-ceac-4c96dcd5f421}"
EndProject
Project("{FAE04EC0-301F-11D3-BF4B-00C04F79EFBC}") = "Unity.2D.Psdimporter.Editor", "Unity.2D.Psdimporter.Editor.csproj", "{6622ac35-8bdf-e1ba-ff67-03e459ae37e6}"
EndProject
Project("{FAE04EC0-301F-11D3-BF4B-00C04F79EFBC}") = "UnityEditor.TestRunner", "UnityEditor.TestRunner.csproj", "{3b58cf46-baed-a3eb-9839-8881d4467c98}"
EndProject
Project("{FAE04EC0-301F-11D3-BF4B-00C04F79EFBC}") = "Unity.Rider.Editor", "Unity.Rider.Editor.csproj", "{d2134a48-a265-484b-b81a-6b1c6c46aba8}"
EndProject
Project("{FAE04EC0-301F-11D3-BF4B-00C04F79EFBC}") = "Unity.2D.Path.Editor", "Unity.2D.Path.Editor.csproj", "{4c019a3a-6cfd-6815-0e31-0dabd4c44495}"
EndProject
Project("{FAE04EC0-301F-11D3-BF4B-00C04F79EFBC}") = "PsdPlugin", "PsdPlugin.csproj", "{44be35ff-ba99-4e6c-c509-a59183b1f37f}"
EndProject
Project("{FAE04EC0-301F-11D3-BF4B-00C04F79EFBC}") = "Unity.2D.IK.Editor", "Unity.2D.IK.Editor.csproj", "{59d4624c-e3af-03ad-44ac-37c3785f1010}"
EndProject
Project("{FAE04EC0-301F-11D3-BF4B-00C04F79EFBC}") = "Unity.2D.SpriteShape.Editor", "Unity.2D.SpriteShape.Editor.csproj", "{bee622eb-7e44-83aa-8ac8-3fd70f226287}"
EndProject
Project("{FAE04EC0-301F-11D3-BF4B-00C04F79EFBC}") = "Unity.Burst.CodeGen", "Unity.Burst.CodeGen.csproj", "{17ddac15-42de-34a9-ff0b-391f2de34b06}"
EndProject
Project("{FAE04EC0-301F-11D3-BF4B-00C04F79EFBC}") = "Unity.VSCode.Editor", "Unity.VSCode.Editor.csproj", "{8bc499af-1171-fa28-97e6-53ad16cca8fc}"
EndProject
Project("{FAE04EC0-301F-11D3-BF4B-00C04F79EFBC}") = "Unity.2D.Common.Editor", "Unity.2D.Common.Editor.csproj", "{af47ce35-ad7e-5bf9-a0a1-c41a107c18f2}"
EndProject
Project("{FAE04EC0-301F-11D3-BF4B-00C04F79EFBC}") = "Unity.CollabProxy.Editor", "Unity.CollabProxy.Editor.csproj", "{3664b72c-5a5d-7c9a-dd2a-7acfe2614936}"
EndProject
Project("{FAE04EC0-301F-11D3-BF4B-00C04F79EFBC}") = "Unity.Mathematics.Editor", "Unity.Mathematics.Editor.csproj", "{1688e81c-1817-4210-e085-0984b70f7fdf}"
EndProject
Project("{FAE04EC0-301F-11D3-BF4B-00C04F79EFBC}") = "Unity.2D.Tilemap.Extras.Editor", "Unity.2D.Tilemap.Extras.Editor.csproj", "{c2caa09e-d023-41c0-5d05-e465dc705ac2}"
EndProject
Project("{FAE04EC0-301F-11D3-BF4B-00C04F79EFBC}") = "Unity.Burst.Editor", "Unity.Burst.Editor.csproj", "{ee33441b-d9d4-8498-4a2c-2d462a0b6804}"
EndProject
Project("{FAE04EC0-301F-11D3-BF4B-00C04F79EFBC}") = "Unity.InternalAPIEditorBridge.001", "Unity.InternalAPIEditorBridge.001.csproj", "{1440d5e1-5cae-0c32-5b38-986b7dc8ae4e}"
EndProject
Project("{FAE04EC0-301F-11D3-BF4B-00C04F79EFBC}") = "Unity.VisualScripting.Shared.Editor", "Unity.VisualScripting.Shared.Editor.csproj", "{7d080d4a-8b42-b733-1bd5-af49fdd60d07}"
EndProject
Global
	GlobalSection(SolutionConfigurationPlatforms) = preSolution
		Debug|Any CPU = Debug|Any CPU
	EndGlobalSection
	GlobalSection(ProjectConfigurationPlatforms) = postSolution
		{aa1d6845-6b35-75a9-de7e-bcb9c3c81f3c}.Debug|Any CPU.ActiveCfg = Debug|Any CPU
		{aa1d6845-6b35-75a9-de7e-bcb9c3c81f3c}.Debug|Any CPU.Build.0 = Debug|Any CPU
		{f68617f0-7927-f41e-1cf0-714ac718122f}.Debug|Any CPU.ActiveCfg = Debug|Any CPU
		{f68617f0-7927-f41e-1cf0-714ac718122f}.Debug|Any CPU.Build.0 = Debug|Any CPU
		{431e2279-184b-e716-dd0d-24d89197905e}.Debug|Any CPU.ActiveCfg = Debug|Any CPU
		{431e2279-184b-e716-dd0d-24d89197905e}.Debug|Any CPU.Build.0 = Debug|Any CPU
		{c11a16e2-fc07-0c80-3a0d-f87186f7b657}.Debug|Any CPU.ActiveCfg = Debug|Any CPU
		{c11a16e2-fc07-0c80-3a0d-f87186f7b657}.Debug|Any CPU.Build.0 = Debug|Any CPU
		{44ffb8ff-1252-822e-bcbc-465a853d06f1}.Debug|Any CPU.ActiveCfg = Debug|Any CPU
		{44ffb8ff-1252-822e-bcbc-465a853d06f1}.Debug|Any CPU.Build.0 = Debug|Any CPU
		{dfa4192c-7d63-850b-1cd3-1f9e98dac09e}.Debug|Any CPU.ActiveCfg = Debug|Any CPU
		{dfa4192c-7d63-850b-1cd3-1f9e98dac09e}.Debug|Any CPU.Build.0 = Debug|Any CPU
		{4e33d409-17c0-9e1c-8243-42835c0635db}.Debug|Any CPU.ActiveCfg = Debug|Any CPU
		{4e33d409-17c0-9e1c-8243-42835c0635db}.Debug|Any CPU.Build.0 = Debug|Any CPU
		{00b615c0-3ae8-d5bb-3da9-d5f5f906bc0b}.Debug|Any CPU.ActiveCfg = Debug|Any CPU
		{00b615c0-3ae8-d5bb-3da9-d5f5f906bc0b}.Debug|Any CPU.Build.0 = Debug|Any CPU
		{96290ca7-3c30-191d-54dc-6fb5c36dff09}.Debug|Any CPU.ActiveCfg = Debug|Any CPU
		{96290ca7-3c30-191d-54dc-6fb5c36dff09}.Debug|Any CPU.Build.0 = Debug|Any CPU
		{042b8d46-c25f-d2f8-c9ef-220c8c8d1afd}.Debug|Any CPU.ActiveCfg = Debug|Any CPU
		{042b8d46-c25f-d2f8-c9ef-220c8c8d1afd}.Debug|Any CPU.Build.0 = Debug|Any CPU
		{93f5d423-3878-3459-e3f5-8740e859c891}.Debug|Any CPU.ActiveCfg = Debug|Any CPU
		{93f5d423-3878-3459-e3f5-8740e859c891}.Debug|Any CPU.Build.0 = Debug|Any CPU
		{6bdf00ba-c1f4-8b2a-5030-b231f05fc46f}.Debug|Any CPU.ActiveCfg = Debug|Any CPU
		{6bdf00ba-c1f4-8b2a-5030-b231f05fc46f}.Debug|Any CPU.Build.0 = Debug|Any CPU
		{4f86b990-64e8-6302-1e18-be2a7d0b6b28}.Debug|Any CPU.ActiveCfg = Debug|Any CPU
		{4f86b990-64e8-6302-1e18-be2a7d0b6b28}.Debug|Any CPU.Build.0 = Debug|Any CPU
		{252f9a8a-8dc0-8006-fcbc-1b5f6aeff198}.Debug|Any CPU.ActiveCfg = Debug|Any CPU
		{252f9a8a-8dc0-8006-fcbc-1b5f6aeff198}.Debug|Any CPU.Build.0 = Debug|Any CPU
		{3505a3fa-4613-dd9d-92f5-778cda89393d}.Debug|Any CPU.ActiveCfg = Debug|Any CPU
		{3505a3fa-4613-dd9d-92f5-778cda89393d}.Debug|Any CPU.Build.0 = Debug|Any CPU
		{eeab5830-71d6-e2f6-b2a7-4b927c8771ac}.Debug|Any CPU.ActiveCfg = Debug|Any CPU
		{eeab5830-71d6-e2f6-b2a7-4b927c8771ac}.Debug|Any CPU.Build.0 = Debug|Any CPU
		{7f5f1c3a-8da8-f18c-3754-77119e0c4f55}.Debug|Any CPU.ActiveCfg = Debug|Any CPU
		{7f5f1c3a-8da8-f18c-3754-77119e0c4f55}.Debug|Any CPU.Build.0 = Debug|Any CPU
		{44f990e1-bdca-07b0-c9f2-8437149aefba}.Debug|Any CPU.ActiveCfg = Debug|Any CPU
		{44f990e1-bdca-07b0-c9f2-8437149aefba}.Debug|Any CPU.Build.0 = Debug|Any CPU
		{0446ba29-2a0a-d1ba-91bf-45b87122f12f}.Debug|Any CPU.ActiveCfg = Debug|Any CPU
		{0446ba29-2a0a-d1ba-91bf-45b87122f12f}.Debug|Any CPU.Build.0 = Debug|Any CPU
		{d7c1d382-7e94-c738-0484-87f1d48d0195}.Debug|Any CPU.ActiveCfg = Debug|Any CPU
		{d7c1d382-7e94-c738-0484-87f1d48d0195}.Debug|Any CPU.Build.0 = Debug|Any CPU
		{98632136-46d4-4a87-1107-0a2a9e7f5475}.Debug|Any CPU.ActiveCfg = Debug|Any CPU
		{98632136-46d4-4a87-1107-0a2a9e7f5475}.Debug|Any CPU.Build.0 = Debug|Any CPU
		{51ef3034-58a6-3110-ea82-81da1538284f}.Debug|Any CPU.ActiveCfg = Debug|Any CPU
		{51ef3034-58a6-3110-ea82-81da1538284f}.Debug|Any CPU.Build.0 = Debug|Any CPU
		{c42d9c4b-6e5d-5384-109e-fe85e6be3c0d}.Debug|Any CPU.ActiveCfg = Debug|Any CPU
		{c42d9c4b-6e5d-5384-109e-fe85e6be3c0d}.Debug|Any CPU.Build.0 = Debug|Any CPU
		{0b856929-2e75-4a25-39e9-8bd57ef99f09}.Debug|Any CPU.ActiveCfg = Debug|Any CPU
		{0b856929-2e75-4a25-39e9-8bd57ef99f09}.Debug|Any CPU.Build.0 = Debug|Any CPU
		{abb9b77f-8e2b-6446-ceac-4c96dcd5f421}.Debug|Any CPU.ActiveCfg = Debug|Any CPU
		{abb9b77f-8e2b-6446-ceac-4c96dcd5f421}.Debug|Any CPU.Build.0 = Debug|Any CPU
		{6622ac35-8bdf-e1ba-ff67-03e459ae37e6}.Debug|Any CPU.ActiveCfg = Debug|Any CPU
		{6622ac35-8bdf-e1ba-ff67-03e459ae37e6}.Debug|Any CPU.Build.0 = Debug|Any CPU
		{3b58cf46-baed-a3eb-9839-8881d4467c98}.Debug|Any CPU.ActiveCfg = Debug|Any CPU
		{3b58cf46-baed-a3eb-9839-8881d4467c98}.Debug|Any CPU.Build.0 = Debug|Any CPU
		{d2134a48-a265-484b-b81a-6b1c6c46aba8}.Debug|Any CPU.ActiveCfg = Debug|Any CPU
		{d2134a48-a265-484b-b81a-6b1c6c46aba8}.Debug|Any CPU.Build.0 = Debug|Any CPU
		{4c019a3a-6cfd-6815-0e31-0dabd4c44495}.Debug|Any CPU.ActiveCfg = Debug|Any CPU
		{4c019a3a-6cfd-6815-0e31-0dabd4c44495}.Debug|Any CPU.Build.0 = Debug|Any CPU
		{44be35ff-ba99-4e6c-c509-a59183b1f37f}.Debug|Any CPU.ActiveCfg = Debug|Any CPU
		{44be35ff-ba99-4e6c-c509-a59183b1f37f}.Debug|Any CPU.Build.0 = Debug|Any CPU
		{59d4624c-e3af-03ad-44ac-37c3785f1010}.Debug|Any CPU.ActiveCfg = Debug|Any CPU
		{59d4624c-e3af-03ad-44ac-37c3785f1010}.Debug|Any CPU.Build.0 = Debug|Any CPU
		{bee622eb-7e44-83aa-8ac8-3fd70f226287}.Debug|Any CPU.ActiveCfg = Debug|Any CPU
		{bee622eb-7e44-83aa-8ac8-3fd70f226287}.Debug|Any CPU.Build.0 = Debug|Any CPU
		{17ddac15-42de-34a9-ff0b-391f2de34b06}.Debug|Any CPU.ActiveCfg = Debug|Any CPU
		{17ddac15-42de-34a9-ff0b-391f2de34b06}.Debug|Any CPU.Build.0 = Debug|Any CPU
		{8bc499af-1171-fa28-97e6-53ad16cca8fc}.Debug|Any CPU.ActiveCfg = Debug|Any CPU
		{8bc499af-1171-fa28-97e6-53ad16cca8fc}.Debug|Any CPU.Build.0 = Debug|Any CPU
		{af47ce35-ad7e-5bf9-a0a1-c41a107c18f2}.Debug|Any CPU.ActiveCfg = Debug|Any CPU
		{af47ce35-ad7e-5bf9-a0a1-c41a107c18f2}.Debug|Any CPU.Build.0 = Debug|Any CPU
		{3664b72c-5a5d-7c9a-dd2a-7acfe2614936}.Debug|Any CPU.ActiveCfg = Debug|Any CPU
		{3664b72c-5a5d-7c9a-dd2a-7acfe2614936}.Debug|Any CPU.Build.0 = Debug|Any CPU
		{1688e81c-1817-4210-e085-0984b70f7fdf}.Debug|Any CPU.ActiveCfg = Debug|Any CPU
		{1688e81c-1817-4210-e085-0984b70f7fdf}.Debug|Any CPU.Build.0 = Debug|Any CPU
		{c2caa09e-d023-41c0-5d05-e465dc705ac2}.Debug|Any CPU.ActiveCfg = Debug|Any CPU
		{c2caa09e-d023-41c0-5d05-e465dc705ac2}.Debug|Any CPU.Build.0 = Debug|Any CPU
		{ee33441b-d9d4-8498-4a2c-2d462a0b6804}.Debug|Any CPU.ActiveCfg = Debug|Any CPU
		{ee33441b-d9d4-8498-4a2c-2d462a0b6804}.Debug|Any CPU.Build.0 = Debug|Any CPU
		{1440d5e1-5cae-0c32-5b38-986b7dc8ae4e}.Debug|Any CPU.ActiveCfg = Debug|Any CPU
		{1440d5e1-5cae-0c32-5b38-986b7dc8ae4e}.Debug|Any CPU.Build.0 = Debug|Any CPU
		{7d080d4a-8b42-b733-1bd5-af49fdd60d07}.Debug|Any CPU.ActiveCfg = Debug|Any CPU
		{7d080d4a-8b42-b733-1bd5-af49fdd60d07}.Debug|Any CPU.Build.0 = Debug|Any CPU
	EndGlobalSection
	GlobalSection(SolutionProperties) = preSolution
		HideSolutionNode = FALSE
	EndGlobalSection
EndGlobal
